{
  "requires": true,
  "lockfileVersion": 1,
  "dependencies": {
    "@panzoom/panzoom": {
      "version": "4.4.1",
      "resolved": "https://registry.npmjs.org/@panzoom/panzoom/-/panzoom-4.4.1.tgz",
      "integrity": "sha512-7s3HT/hoA1YE8OhGDhTgnhGurQ7X5EpiyJgWgQSjMhoSsiEI/iRphAZK0aEJfUGo/ak77k/4CAQLS0iqgtpkrQ=="
    }
  }
}
